// !$*UTF8*$!
{
	archiveVersion = 1;
	classes = {
	};
	objectVersion = 56;
	objects = {

/* Begin PBXBuildFile section */
		F1198A5729B89A4F009E23AD /* AppDelegate.swift in Sources */ = {isa = PBXBuildFile; fileRef = F1198A5629B89A4F009E23AD /* AppDelegate.swift */; };
		F1198A5929B89A4F009E23AD /* SceneDelegate.swift in Sources */ = {isa = PBXBuildFile; fileRef = F1198A5829B89A4F009E23AD /* SceneDelegate.swift */; };
		F1198A5B29B89A4F009E23AD /* MainViewController.swift in Sources */ = {isa = PBXBuildFile; fileRef = F1198A5A29B89A4F009E23AD /* MainViewController.swift */; };
		F1198A5E29B89A4F009E23AD /* Main.storyboard in Resources */ = {isa = PBXBuildFile; fileRef = F1198A5C29B89A4F009E23AD /* Main.storyboard */; };
		F1198A6129B89A4F009E23AD /* ScheduleApp.xcdatamodeld in Sources */ = {isa = PBXBuildFile; fileRef = F1198A5F29B89A4F009E23AD /* ScheduleApp.xcdatamodeld */; };
		F1198A6329B89A50009E23AD /* Assets.xcassets in Resources */ = {isa = PBXBuildFile; fileRef = F1198A6229B89A50009E23AD /* Assets.xcassets */; };
		F1198A6629B89A50009E23AD /* LaunchScreen.storyboard in Resources */ = {isa = PBXBuildFile; fileRef = F1198A6429B89A50009E23AD /* LaunchScreen.storyboard */; };
		F1198A6F29B89B80009E23AD /* MainView.swift in Sources */ = {isa = PBXBuildFile; fileRef = F1198A6E29B89B80009E23AD /* MainView.swift */; };
		F1198A7329B8B3CB009E23AD /* StartingView.swift in Sources */ = {isa = PBXBuildFile; fileRef = F1198A7229B8B3CB009E23AD /* StartingView.swift */; };
		F1198A7529B8C34B009E23AD /* WeatherModel.swift in Sources */ = {isa = PBXBuildFile; fileRef = F1198A7429B8C34B009E23AD /* WeatherModel.swift */; };
/* End PBXBuildFile section */

/* Begin PBXFileReference section */
		F1198A5329B89A4F009E23AD /* ScheduleApp.app */ = {isa = PBXFileReference; explicitFileType = wrapper.application; includeInIndex = 0; path = ScheduleApp.app; sourceTree = BUILT_PRODUCTS_DIR; };
		F1198A5629B89A4F009E23AD /* AppDelegate.swift */ = {isa = PBXFileReference; lastKnownFileType = sourcecode.swift; path = AppDelegate.swift; sourceTree = "<group>"; };
		F1198A5829B89A4F009E23AD /* SceneDelegate.swift */ = {isa = PBXFileReference; lastKnownFileType = sourcecode.swift; path = SceneDelegate.swift; sourceTree = "<group>"; };
		F1198A5A29B89A4F009E23AD /* MainViewController.swift */ = {isa = PBXFileReference; lastKnownFileType = sourcecode.swift; path = MainViewController.swift; sourceTree = "<group>"; };
		F1198A5D29B89A4F009E23AD /* Base */ = {isa = PBXFileReference; lastKnownFileType = file.storyboard; name = Base; path = Base.lproj/Main.storyboard; sourceTree = "<group>"; };
		F1198A6029B89A4F009E23AD /* ScheduleApp.xcdatamodel */ = {isa = PBXFileReference; lastKnownFileType = wrapper.xcdatamodel; path = ScheduleApp.xcdatamodel; sourceTree = "<group>"; };
		F1198A6229B89A50009E23AD /* Assets.xcassets */ = {isa = PBXFileReference; lastKnownFileType = folder.assetcatalog; path = Assets.xcassets; sourceTree = "<group>"; };
		F1198A6529B89A50009E23AD /* Base */ = {isa = PBXFileReference; lastKnownFileType = file.storyboard; name = Base; path = Base.lproj/LaunchScreen.storyboard; sourceTree = "<group>"; };
		F1198A6729B89A50009E23AD /* Info.plist */ = {isa = PBXFileReference; lastKnownFileType = text.plist.xml; path = Info.plist; sourceTree = "<group>"; };
		F1198A6E29B89B80009E23AD /* MainView.swift */ = {isa = PBXFileReference; lastKnownFileType = sourcecode.swift; path = MainView.swift; sourceTree = "<group>"; };
		F1198A7229B8B3CB009E23AD /* StartingView.swift */ = {isa = PBXFileReference; lastKnownFileType = sourcecode.swift; path = StartingView.swift; sourceTree = "<group>"; };
		F1198A7429B8C34B009E23AD /* WeatherModel.swift */ = {isa = PBXFileReference; lastKnownFileType = sourcecode.swift; path = WeatherModel.swift; sourceTree = "<group>"; };
/* End PBXFileReference section */

/* Begin PBXFrameworksBuildPhase section */
		F1198A5029B89A4F009E23AD /* Frameworks */ = {
			isa = PBXFrameworksBuildPhase;
			buildActionMask = 2147483647;
			files = (
			);
			runOnlyForDeploymentPostprocessing = 0;
		};
/* End PBXFrameworksBuildPhase section */

/* Begin PBXGroup section */
		F1198A4A29B89A4F009E23AD = {
			isa = PBXGroup;
			children = (
				F1198A5529B89A4F009E23AD /* ScheduleApp */,
				F1198A5429B89A4F009E23AD /* Products */,
			);
			sourceTree = "<group>";
		};
		F1198A5429B89A4F009E23AD /* Products */ = {
			isa = PBXGroup;
			children = (
				F1198A5329B89A4F009E23AD /* ScheduleApp.app */,
			);
			name = Products;
			sourceTree = "<group>";
		};
		F1198A5529B89A4F009E23AD /* ScheduleApp */ = {
			isa = PBXGroup;
			children = (
				F1198A5629B89A4F009E23AD /* AppDelegate.swift */,
				F1198A5829B89A4F009E23AD /* SceneDelegate.swift */,
				F1198A7029B89BC8009E23AD /* Models */,
				F1198A6D29B89B5F009E23AD /* Views */,
				F1198A7129B89BDA009E23AD /* Controls */,
				F1198A6229B89A50009E23AD /* Assets.xcassets */,
				F1198A6429B89A50009E23AD /* LaunchScreen.storyboard */,
				F1198A6729B89A50009E23AD /* Info.plist */,
				F1198A5F29B89A4F009E23AD /* ScheduleApp.xcdatamodeld */,
			);
			path = ScheduleApp;
			sourceTree = "<group>";
		};
		F1198A6D29B89B5F009E23AD /* Views */ = {
			isa = PBXGroup;
			children = (
				F1198A5C29B89A4F009E23AD /* Main.storyboard */,
				F1198A7229B8B3CB009E23AD /* StartingView.swift */,
				F1198A6E29B89B80009E23AD /* MainView.swift */,
			);
			path = Views;
			sourceTree = "<group>";
		};
		F1198A7029B89BC8009E23AD /* Models */ = {
			isa = PBXGroup;
			children = (
				F1198A7429B8C34B009E23AD /* WeatherModel.swift */,
			);
			path = Models;
			sourceTree = "<group>";
		};
		F1198A7129B89BDA009E23AD /* Controls */ = {
			isa = PBXGroup;
			children = (
				F1198A5A29B89A4F009E23AD /* MainViewController.swift */,
			);
			path = Controls;
			sourceTree = "<group>";
		};
/* End PBXGroup section */

/* Begin PBXNativeTarget section */
		F1198A5229B89A4F009E23AD /* ScheduleApp */ = {
			isa = PBXNativeTarget;
			buildConfigurationList = F1198A6A29B89A50009E23AD /* Build configuration list for PBXNativeTarget "ScheduleApp" */;
			buildPhases = (
				F1198A4F29B89A4F009E23AD /* Sources */,
				F1198A5029B89A4F009E23AD /* Frameworks */,
				F1198A5129B89A4F009E23AD /* Resources */,
			);
			buildRules = (
			);
			dependencies = (
			);
			name = ScheduleApp;
			productName = ScheduleApp;
			productReference = F1198A5329B89A4F009E23AD /* ScheduleApp.app */;
			productType = "com.apple.product-type.application";
		};
/* End PBXNativeTarget section */

/* Begin PBXProject section */
		F1198A4B29B89A4F009E23AD /* Project object */ = {
			isa = PBXProject;
			attributes = {
				BuildIndependentTargetsInParallel = 1;
				LastSwiftUpdateCheck = 1420;
				LastUpgradeCheck = 1420;
				TargetAttributes = {
					F1198A5229B89A4F009E23AD = {
						CreatedOnToolsVersion = 14.2;
					};
				};
			};
			buildConfigurationList = F1198A4E29B89A4F009E23AD /* Build configuration list for PBXProject "ScheduleApp" */;
			compatibilityVersion = "Xcode 14.0";
			developmentRegion = en;
			hasScannedForEncodings = 0;
			knownRegions = (
				en,
				Base,
			);
			mainGroup = F1198A4A29B89A4F009E23AD;
			productRefGroup = F1198A5429B89A4F009E23AD /* Products */;
			projectDirPath = "";
			projectRoot = "";
			targets = (
				F1198A5229B89A4F009E23AD /* ScheduleApp */,
			);
		};
/* End PBXProject section */

/* Begin PBXResourcesBuildPhase section */
		F1198A5129B89A4F009E23AD /* Resources */ = {
			isa = PBXResourcesBuildPhase;
			buildActionMask = 2147483647;
			files = (
				F1198A6629B89A50009E23AD /* LaunchScreen.storyboard in Resources */,
				F1198A6329B89A50009E23AD /* Assets.xcassets in Resources */,
				F1198A5E29B89A4F009E23AD /* Main.storyboard in Resources */,
			);
			runOnlyForDeploymentPostprocessing = 0;
		};
/* End PBXResourcesBuildPhase section */

/* Begin PBXSourcesBuildPhase section */
		F1198A4F29B89A4F009E23AD /* Sources */ = {
			isa = PBXSourcesBuildPhase;
			buildActionMask = 2147483647;
			files = (
				F1198A5B29B89A4F009E23AD /* MainViewController.swift in Sources */,
				F1198A5729B89A4F009E23AD /* AppDelegate.swift in Sources */,
				F1198A6129B89A4F009E23AD /* ScheduleApp.xcdatamodeld in Sources */,
				F1198A7529B8C34B009E23AD /* WeatherModel.swift in Sources */,
				F1198A7329B8B3CB009E23AD /* StartingView.swift in Sources */,
				F1198A6F29B89B80009E23AD /* MainView.swift in Sources */,
				F1198A5929B89A4F009E23AD /* SceneDelegate.swift in Sources */,
			);
			runOnlyForDeploymentPostprocessing = 0;
		};
/* End PBXSourcesBuildPhase section */

/* Begin PBXVariantGroup section */
		F1198A5C29B89A4F009E23AD /* Main.storyboard */ = {
			isa = PBXVariantGroup;
			children = (
				F1198A5D29B89A4F009E23AD /* Base */,
			);
			name = Main.storyboard;
			sourceTree = "<group>";
		};
		F1198A6429B89A50009E23AD /* LaunchScreen.storyboard */ = {
			isa = PBXVariantGroup;
			children = (
				F1198A6529B89A50009E23AD /* Base */,
			);
			name = LaunchScreen.storyboard;
			sourceTree = "<group>";
		};
/* End PBXVariantGroup section */

/* Begin XCBuildConfiguration section */
		F1198A6829B89A50009E23AD /* Debug */ = {
			isa = XCBuildConfiguration;
			buildSettings = {
				ALWAYS_SEARCH_USER_PATHS = NO;
				CLANG_ANALYZER_NONNULL = YES;
				CLANG_ANALYZER_NUMBER_OBJECT_CONVERSION = YES_AGGRESSIVE;
				CLANG_CXX_LANGUAGE_STANDARD = "gnu++20";
				CLANG_ENABLE_MODULES = YES;
				CLANG_ENABLE_OBJC_ARC = YES;
				CLANG_ENABLE_OBJC_WEAK = YES;
				CLANG_WARN_BLOCK_CAPTURE_AUTORELEASING = YES;
				CLANG_WARN_BOOL_CONVERSION = YES;
				CLANG_WARN_COMMA = YES;
				CLANG_WARN_CONSTANT_CONVERSION = YES;
				CLANG_WARN_DEPRECATED_OBJC_IMPLEMENTATIONS = YES;
				CLANG_WARN_DIRECT_OBJC_ISA_USAGE = YES_ERROR;
				CLANG_WARN_DOCUMENTATION_COMMENTS = YES;
				CLANG_WARN_EMPTY_BODY = YES;
				CLANG_WARN_ENUM_CONVERSION = YES;
				CLANG_WARN_INFINITE_RECURSION = YES;
				CLANG_WARN_INT_CONVERSION = YES;
				CLANG_WARN_NON_LITERAL_NULL_CONVERSION = YES;
				CLANG_WARN_OBJC_IMPLICIT_RETAIN_SELF = YES;
				CLANG_WARN_OBJC_LITERAL_CONVERSION = YES;
				CLANG_WARN_OBJC_ROOT_CLASS = YES_ERROR;
				CLANG_WARN_QUOTED_INCLUDE_IN_FRAMEWORK_HEADER = YES;
				CLANG_WARN_RANGE_LOOP_ANALYSIS = YES;
				CLANG_WARN_STRICT_PROTOTYPES = YES;
				CLANG_WARN_SUSPICIOUS_MOVE = YES;
				CLANG_WARN_UNGUARDED_AVAILABILITY = YES_AGGRESSIVE;
				CLANG_WARN_UNREACHABLE_CODE = YES;
				CLANG_WARN__DUPLICATE_METHOD_MATCH = YES;
				COPY_PHASE_STRIP = NO;
				DEBUG_INFORMATION_FORMAT = dwarf;
				ENABLE_STRICT_OBJC_MSGSEND = YES;
				ENABLE_TESTABILITY = YES;
				GCC_C_LANGUAGE_STANDARD = gnu11;
				GCC_DYNAMIC_NO_PIC = NO;
				GCC_NO_COMMON_BLOCKS = YES;
				GCC_OPTIMIZATION_LEVEL = 0;
				GCC_PREPROCESSOR_DEFINITIONS = (
					"DEBUG=1",
					"$(inherited)",
				);
				GCC_WARN_64_TO_32_BIT_CONVERSION = YES;
				GCC_WARN_ABOUT_RETURN_TYPE = YES_ERROR;
				GCC_WARN_UNDECLARED_SELECTOR = YES;
				GCC_WARN_UNINITIALIZED_AUTOS = YES_AGGRESSIVE;
				GCC_WARN_UNUSED_FUNCTION = YES;
				GCC_WARN_UNUSED_VARIABLE = YES;
				IPHONEOS_DEPLOYMENT_TARGET = 16.2;
				MTL_ENABLE_DEBUG_INFO = INCLUDE_SOURCE;
				MTL_FAST_MATH = YES;
				ONLY_ACTIVE_ARCH = YES;
				SDKROOT = iphoneos;
				SWIFT_ACTIVE_COMPILATION_CONDITIONS = DEBUG;
				SWIFT_OPTIMIZATION_LEVEL = "-Onone";
			};
			name = Debug;
		};
		F1198A6929B89A50009E23AD /* Release */ = {
			isa = XCBuildConfiguration;
			buildSettings = {
				ALWAYS_SEARCH_USER_PATHS = NO;
				CLANG_ANALYZER_NONNULL = YES;
				CLANG_ANALYZER_NUMBER_OBJECT_CONVERSION = YES_AGGRESSIVE;
				CLANG_CXX_LANGUAGE_STANDARD = "gnu++20";
				CLANG_ENABLE_MODULES = YES;
				CLANG_ENABLE_OBJC_ARC = YES;
				CLANG_ENABLE_OBJC_WEAK = YES;
				CLANG_WARN_BLOCK_CAPTURE_AUTORELEASING = YES;
				CLANG_WARN_BOOL_CONVERSION = YES;
				CLANG_WARN_COMMA = YES;
				CLANG_WARN_CONSTANT_CONVERSION = YES;
				CLANG_WARN_DEPRECATED_OBJC_IMPLEMENTATIONS = YES;
				CLANG_WARN_DIRECT_OBJC_ISA_USAGE = YES_ERROR;
				CLANG_WARN_DOCUMENTATION_COMMENTS = YES;
				CLANG_WARN_EMPTY_BODY = YES;
				CLANG_WARN_ENUM_CONVERSION = YES;
				CLANG_WARN_INFINITE_RECURSION = YES;
				CLANG_WARN_INT_CONVERSION = YES;
				CLANG_WARN_NON_LITERAL_NULL_CONVERSION = YES;
				CLANG_WARN_OBJC_IMPLICIT_RETAIN_SELF = YES;
				CLANG_WARN_OBJC_LITERAL_CONVERSION = YES;
				CLANG_WARN_OBJC_ROOT_CLASS = YES_ERROR;
				CLANG_WARN_QUOTED_INCLUDE_IN_FRAMEWORK_HEADER = YES;
				CLANG_WARN_RANGE_LOOP_ANALYSIS = YES;
				CLANG_WARN_STRICT_PROTOTYPES = YES;
				CLANG_WARN_SUSPICIOUS_MOVE = YES;
				CLANG_WARN_UNGUARDED_AVAILABILITY = YES_AGGRESSIVE;
				CLANG_WARN_UNREACHABLE_CODE = YES;
				CLANG_WARN__DUPLICATE_METHOD_MATCH = YES;
				COPY_PHASE_STRIP = NO;
				DEBUG_INFORMATION_FORMAT = "dwarf-with-dsym";
				ENABLE_NS_ASSERTIONS = NO;
				ENABLE_STRICT_OBJC_MSGSEND = YES;
				GCC_C_LANGUAGE_STANDARD = gnu11;
				GCC_NO_COMMON_BLOCKS = YES;
				GCC_WARN_64_TO_32_BIT_CONVERSION = YES;
				GCC_WARN_ABOUT_RETURN_TYPE = YES_ERROR;
				GCC_WARN_UNDECLARED_SELECTOR = YES;
				GCC_WARN_UNINITIALIZED_AUTOS = YES_AGGRESSIVE;
				GCC_WARN_UNUSED_FUNCTION = YES;
				GCC_WARN_UNUSED_VARIABLE = YES;
				IPHONEOS_DEPLOYMENT_TARGET = 16.2;
				MTL_ENABLE_DEBUG_INFO = NO;
				MTL_FAST_MATH = YES;
				SDKROOT = iphoneos;
				SWIFT_COMPILATION_MODE = wholemodule;
				SWIFT_OPTIMIZATION_LEVEL = "-O";
				VALIDATE_PRODUCT = YES;
			};
			name = Release;
		};
		F1198A6B29B89A50009E23AD /* Debug */ = {
			isa = XCBuildConfiguration;
			buildSettings = {
				ASSETCATALOG_COMPILER_APPICON_NAME = AppIcon;
				ASSETCATALOG_COMPILER_GLOBAL_ACCENT_COLOR_NAME = AccentColor;
				CODE_SIGN_STYLE = Automatic;
				CURRENT_PROJECT_VERSION = 1;
				DEVELOPMENT_TEAM = JY9QH7G8BB;
				GENERATE_INFOPLIST_FILE = YES;
				INFOPLIST_FILE = ScheduleApp/Info.plist;
				INFOPLIST_KEY_UIApplicationSupportsIndirectInputEvents = YES;
				INFOPLIST_KEY_UILaunchStoryboardName = LaunchScreen;
				INFOPLIST_KEY_UIMainStoryboardFile = Main;
				INFOPLIST_KEY_UISupportedInterfaceOrientations_iPad = "UIInterfaceOrientationPortrait UIInterfaceOrientationPortraitUpsideDown UIInterfaceOrientationLandscapeLeft UIInterfaceOrientationLandscapeRight";
				INFOPLIST_KEY_UISupportedInterfaceOrientations_iPhone = "UIInterfaceOrientationPortrait UIInterfaceOrientationLandscapeLeft UIInterfaceOrientationLandscapeRight";
				LD_RUNPATH_SEARCH_PATHS = (
					"$(inherited)",
					"@executable_path/Frameworks",
				);
				MARKETING_VERSION = 1.0;
				PRODUCT_BUNDLE_IDENTIFIER = com.samSung.ScheduleApp;
				PRODUCT_NAME = "$(TARGET_NAME)";
				SUPPORTED_PLATFORMS = "iphoneos iphonesimulator";
				SUPPORTS_MACCATALYST = NO;
				SUPPORTS_MAC_DESIGNED_FOR_IPHONE_IPAD = NO;
				SWIFT_EMIT_LOC_STRINGS = YES;
				SWIFT_VERSION = 5.0;
				TARGETED_DEVICE_FAMILY = 1;
			};
			name = Debug;
		};
		F1198A6C29B89A50009E23AD /* Release */ = {
			isa = XCBuildConfiguration;
			buildSettings = {
				ASSETCATALOG_COMPILER_APPICON_NAME = AppIcon;
				ASSETCATALOG_COMPILER_GLOBAL_ACCENT_COLOR_NAME = AccentColor;
				CODE_SIGN_STYLE = Automatic;
				CURRENT_PROJECT_VERSION = 1;
				DEVELOPMENT_TEAM = JY9QH7G8BB;
				GENERATE_INFOPLIST_FILE = YES;
				INFOPLIST_FILE = ScheduleApp/Info.plist;
				INFOPLIST_KEY_UIApplicationSupportsIndirectInputEvents = YES;
				INFOPLIST_KEY_UILaunchStoryboardName = LaunchScreen;
				INFOPLIST_KEY_UIMainStoryboardFile = Main;
				INFOPLIST_KEY_UISupportedInterfaceOrientations_iPad = "UIInterfaceOrientationPortrait UIInterfaceOrientationPortraitUpsideDown UIInterfaceOrientationLandscapeLeft UIInterfaceOrientationLandscapeRight";
				INFOPLIST_KEY_UISupportedInterfaceOrientations_iPhone = "UIInterfaceOrientationPortrait UIInterfaceOrientationLandscapeLeft UIInterfaceOrientationLandscapeRight";
				LD_RUNPATH_SEARCH_PATHS = (
					"$(inherited)",
					"@executable_path/Frameworks",
				);
				MARKETING_VERSION = 1.0;
				PRODUCT_BUNDLE_IDENTIFIER = com.samSung.ScheduleApp;
				PRODUCT_NAME = "$(TARGET_NAME)";
				SUPPORTED_PLATFORMS = "iphoneos iphonesimulator";
				SUPPORTS_MACCATALYST = NO;
				SUPPORTS_MAC_DESIGNED_FOR_IPHONE_IPAD = NO;
				SWIFT_EMIT_LOC_STRINGS = YES;
				SWIFT_VERSION = 5.0;
				TARGETED_DEVICE_FAMILY = 1;
			};
			name = Release;
		};
/* End XCBuildConfiguration section */

/* Begin XCConfigurationList section */
		F1198A4E29B89A4F009E23AD /* Build configuration list for PBXProject "ScheduleApp" */ = {
			isa = XCConfigurationList;
			buildConfigurations = (
				F1198A6829B89A50009E23AD /* Debug */,
				F1198A6929B89A50009E23AD /* Release */,
			);
			defaultConfigurationIsVisible = 0;
			defaultConfigurationName = Release;
		};
		F1198A6A29B89A50009E23AD /* Build configuration list for PBXNativeTarget "ScheduleApp" */ = {
			isa = XCConfigurationList;
			buildConfigurations = (
				F1198A6B29B89A50009E23AD /* Debug */,
				F1198A6C29B89A50009E23AD /* Release */,
			);
			defaultConfigurationIsVisible = 0;
			defaultConfigurationName = Release;
		};
/* End XCConfigurationList section */

/* Begin XCVersionGroup section */
		F1198A5F29B89A4F009E23AD /* ScheduleApp.xcdatamodeld */ = {
			isa = XCVersionGroup;
			children = (
				F1198A6029B89A4F009E23AD /* ScheduleApp.xcdatamodel */,
			);
			currentVersion = F1198A6029B89A4F009E23AD /* ScheduleApp.xcdatamodel */;
			path = ScheduleApp.xcdatamodeld;
			sourceTree = "<group>";
			versionGroupType = wrapper.xcdatamodel;
		};
/* End XCVersionGroup section */
	};
	rootObject = F1198A4B29B89A4F009E23AD /* Project object */;
}
