// !$*UTF8*$!
{
	archiveVersion = 1;
	classes = {
	};
	objectVersion = 56;
	objects = {

/* Begin PBXBuildFile section */
		F106F72529C4476E007BCF0B /* WeatherDataManager.swift in Sources */ = {isa = PBXBuildFile; fileRef = F106F72429C4476E007BCF0B /* WeatherDataManager.swift */; };
		F106F72729C47EEA007BCF0B /* MonthlyView.swift in Sources */ = {isa = PBXBuildFile; fileRef = F106F72629C47EEA007BCF0B /* MonthlyView.swift */; };
		F106F72929C47EFE007BCF0B /* MonthlyViewController.swift in Sources */ = {isa = PBXBuildFile; fileRef = F106F72829C47EFE007BCF0B /* MonthlyViewController.swift */; };
		F106F72D29C98BFB007BCF0B /* NetworkManager.swift in Sources */ = {isa = PBXBuildFile; fileRef = F106F72C29C98BFB007BCF0B /* NetworkManager.swift */; };
		F1198A9929B9DBB4009E23AD /* AppDelegate.swift in Sources */ = {isa = PBXBuildFile; fileRef = F1198A9829B9DBB4009E23AD /* AppDelegate.swift */; };
		F1198A9B29B9DBB4009E23AD /* SceneDelegate.swift in Sources */ = {isa = PBXBuildFile; fileRef = F1198A9A29B9DBB4009E23AD /* SceneDelegate.swift */; };
		F1198A9D29B9DBB4009E23AD /* MainViewController.swift in Sources */ = {isa = PBXBuildFile; fileRef = F1198A9C29B9DBB4009E23AD /* MainViewController.swift */; };
		F1198AA329B9DBB4009E23AD /* CalmedScheduleApp.xcdatamodeld in Sources */ = {isa = PBXBuildFile; fileRef = F1198AA129B9DBB4009E23AD /* CalmedScheduleApp.xcdatamodeld */; };
		F1198AA529B9DBB4009E23AD /* Assets.xcassets in Resources */ = {isa = PBXBuildFile; fileRef = F1198AA429B9DBB4009E23AD /* Assets.xcassets */; };
		F1198AA829B9DBB4009E23AD /* LaunchScreen.storyboard in Resources */ = {isa = PBXBuildFile; fileRef = F1198AA629B9DBB4009E23AD /* LaunchScreen.storyboard */; };
		F1198AB329B9DC96009E23AD /* MainView.swift in Sources */ = {isa = PBXBuildFile; fileRef = F1198AB229B9DC96009E23AD /* MainView.swift */; };
		F1198AB629B9DCBF009E23AD /* ColorHelper.swift in Sources */ = {isa = PBXBuildFile; fileRef = F1198AB529B9DCBF009E23AD /* ColorHelper.swift */; };
		F1198ABA29BADBB2009E23AD /* OneDayViewController.swift in Sources */ = {isa = PBXBuildFile; fileRef = F1198AB929BADBB2009E23AD /* OneDayViewController.swift */; };
		F1198ABD29BB0217009E23AD /* TodayTableViewCell.swift in Sources */ = {isa = PBXBuildFile; fileRef = F1198ABC29BB0217009E23AD /* TodayTableViewCell.swift */; };
		F1198AD729BC37E9009E23AD /* AddView.swift in Sources */ = {isa = PBXBuildFile; fileRef = F1198AD629BC37E9009E23AD /* AddView.swift */; };
		F1198AD929BC63AC009E23AD /* AddViewController.swift in Sources */ = {isa = PBXBuildFile; fileRef = F1198AD829BC63AC009E23AD /* AddViewController.swift */; };
		F1198ADD29BC6622009E23AD /* DetailView.swift in Sources */ = {isa = PBXBuildFile; fileRef = F1198ADC29BC6622009E23AD /* DetailView.swift */; };
		F1198ADF29BC8072009E23AD /* CoreDataManager.swift in Sources */ = {isa = PBXBuildFile; fileRef = F1198ADE29BC8072009E23AD /* CoreDataManager.swift */; };
		F1198AE829C08B42009E23AD /* TodoData+CoreDataClass.swift in Sources */ = {isa = PBXBuildFile; fileRef = F1198AE429C08B42009E23AD /* TodoData+CoreDataClass.swift */; };
		F1198AE929C08B42009E23AD /* TodoData+CoreDataProperties.swift in Sources */ = {isa = PBXBuildFile; fileRef = F1198AE529C08B42009E23AD /* TodoData+CoreDataProperties.swift */; };
		F1198AEB29C1C6E5009E23AD /* DetailViewController.swift in Sources */ = {isa = PBXBuildFile; fileRef = F1198AEA29C1C6E5009E23AD /* DetailViewController.swift */; };
		F131848B29C99E4D00C7F4D3 /* NetworkingModel.swift in Sources */ = {isa = PBXBuildFile; fileRef = F131848A29C99E4D00C7F4D3 /* NetworkingModel.swift */; };
		F131848D29CB0DDF00C7F4D3 /* DateHelper.swift in Sources */ = {isa = PBXBuildFile; fileRef = F131848C29CB0DDF00C7F4D3 /* DateHelper.swift */; };
		F131848F29CC010300C7F4D3 /* StartView.swift in Sources */ = {isa = PBXBuildFile; fileRef = F131848E29CC010300C7F4D3 /* StartView.swift */; };
		F131849129CC01EA00C7F4D3 /* StartViewController.swift in Sources */ = {isa = PBXBuildFile; fileRef = F131849029CC01EA00C7F4D3 /* StartViewController.swift */; };
		F15A4F7A2A2F11AF00793806 /* NotificationModel.swift in Sources */ = {isa = PBXBuildFile; fileRef = F15A4F792A2F11AF00793806 /* NotificationModel.swift */; };
		F15A4F7C2A2F11E900793806 /* LocalNotificationManager.swift in Sources */ = {isa = PBXBuildFile; fileRef = F15A4F7B2A2F11E900793806 /* LocalNotificationManager.swift */; };
		F15A4F7F2A2F1BD400793806 /* Date+Extension.swift in Sources */ = {isa = PBXBuildFile; fileRef = F15A4F7E2A2F1BD400793806 /* Date+Extension.swift */; };
		F1DECA5629CDB74A001C758F /* UserData+CoreDataClass.swift in Sources */ = {isa = PBXBuildFile; fileRef = F1DECA5429CDB74A001C758F /* UserData+CoreDataClass.swift */; };
		F1DECA5729CDB74A001C758F /* UserData+CoreDataProperties.swift in Sources */ = {isa = PBXBuildFile; fileRef = F1DECA5529CDB74A001C758F /* UserData+CoreDataProperties.swift */; };
		F1DECA5929CEF203001C758F /* CertainDayViewController.swift in Sources */ = {isa = PBXBuildFile; fileRef = F1DECA5829CEF203001C758F /* CertainDayViewController.swift */; };
/* End PBXBuildFile section */

/* Begin PBXFileReference section */
		F106F72429C4476E007BCF0B /* WeatherDataManager.swift */ = {isa = PBXFileReference; lastKnownFileType = sourcecode.swift; path = WeatherDataManager.swift; sourceTree = "<group>"; };
		F106F72629C47EEA007BCF0B /* MonthlyView.swift */ = {isa = PBXFileReference; lastKnownFileType = sourcecode.swift; path = MonthlyView.swift; sourceTree = "<group>"; };
		F106F72829C47EFE007BCF0B /* MonthlyViewController.swift */ = {isa = PBXFileReference; lastKnownFileType = sourcecode.swift; path = MonthlyViewController.swift; sourceTree = "<group>"; };
		F106F72C29C98BFB007BCF0B /* NetworkManager.swift */ = {isa = PBXFileReference; lastKnownFileType = sourcecode.swift; path = NetworkManager.swift; sourceTree = "<group>"; };
		F1198A9529B9DBB4009E23AD /* Clamate.app */ = {isa = PBXFileReference; explicitFileType = wrapper.application; includeInIndex = 0; path = Clamate.app; sourceTree = BUILT_PRODUCTS_DIR; };
		F1198A9829B9DBB4009E23AD /* AppDelegate.swift */ = {isa = PBXFileReference; lastKnownFileType = sourcecode.swift; path = AppDelegate.swift; sourceTree = "<group>"; };
		F1198A9A29B9DBB4009E23AD /* SceneDelegate.swift */ = {isa = PBXFileReference; lastKnownFileType = sourcecode.swift; path = SceneDelegate.swift; sourceTree = "<group>"; };
		F1198A9C29B9DBB4009E23AD /* MainViewController.swift */ = {isa = PBXFileReference; lastKnownFileType = sourcecode.swift; path = MainViewController.swift; sourceTree = "<group>"; };
		F1198AA229B9DBB4009E23AD /* CalmedScheduleApp.xcdatamodel */ = {isa = PBXFileReference; lastKnownFileType = wrapper.xcdatamodel; path = CalmedScheduleApp.xcdatamodel; sourceTree = "<group>"; };
		F1198AA429B9DBB4009E23AD /* Assets.xcassets */ = {isa = PBXFileReference; lastKnownFileType = folder.assetcatalog; path = Assets.xcassets; sourceTree = "<group>"; };
		F1198AA729B9DBB4009E23AD /* Base */ = {isa = PBXFileReference; lastKnownFileType = file.storyboard; name = Base; path = Base.lproj/LaunchScreen.storyboard; sourceTree = "<group>"; };
		F1198AA929B9DBB4009E23AD /* Info.plist */ = {isa = PBXFileReference; lastKnownFileType = text.plist.xml; path = Info.plist; sourceTree = "<group>"; };
		F1198AB229B9DC96009E23AD /* MainView.swift */ = {isa = PBXFileReference; lastKnownFileType = sourcecode.swift; path = MainView.swift; sourceTree = "<group>"; };
		F1198AB529B9DCBF009E23AD /* ColorHelper.swift */ = {isa = PBXFileReference; lastKnownFileType = sourcecode.swift; path = ColorHelper.swift; sourceTree = "<group>"; };
		F1198AB929BADBB2009E23AD /* OneDayViewController.swift */ = {isa = PBXFileReference; lastKnownFileType = sourcecode.swift; path = OneDayViewController.swift; sourceTree = "<group>"; };
		F1198ABC29BB0217009E23AD /* TodayTableViewCell.swift */ = {isa = PBXFileReference; lastKnownFileType = sourcecode.swift; path = TodayTableViewCell.swift; sourceTree = "<group>"; };
		F1198AD629BC37E9009E23AD /* AddView.swift */ = {isa = PBXFileReference; lastKnownFileType = sourcecode.swift; path = AddView.swift; sourceTree = "<group>"; };
		F1198AD829BC63AC009E23AD /* AddViewController.swift */ = {isa = PBXFileReference; lastKnownFileType = sourcecode.swift; path = AddViewController.swift; sourceTree = "<group>"; };
		F1198ADC29BC6622009E23AD /* DetailView.swift */ = {isa = PBXFileReference; lastKnownFileType = sourcecode.swift; path = DetailView.swift; sourceTree = "<group>"; };
		F1198ADE29BC8072009E23AD /* CoreDataManager.swift */ = {isa = PBXFileReference; lastKnownFileType = sourcecode.swift; path = CoreDataManager.swift; sourceTree = "<group>"; };
		F1198AE429C08B42009E23AD /* TodoData+CoreDataClass.swift */ = {isa = PBXFileReference; lastKnownFileType = sourcecode.swift; path = "TodoData+CoreDataClass.swift"; sourceTree = "<group>"; };
		F1198AE529C08B42009E23AD /* TodoData+CoreDataProperties.swift */ = {isa = PBXFileReference; lastKnownFileType = sourcecode.swift; path = "TodoData+CoreDataProperties.swift"; sourceTree = "<group>"; };
		F1198AEA29C1C6E5009E23AD /* DetailViewController.swift */ = {isa = PBXFileReference; lastKnownFileType = sourcecode.swift; path = DetailViewController.swift; sourceTree = "<group>"; };
		F131848A29C99E4D00C7F4D3 /* NetworkingModel.swift */ = {isa = PBXFileReference; lastKnownFileType = sourcecode.swift; path = NetworkingModel.swift; sourceTree = "<group>"; };
		F131848C29CB0DDF00C7F4D3 /* DateHelper.swift */ = {isa = PBXFileReference; lastKnownFileType = sourcecode.swift; path = DateHelper.swift; sourceTree = "<group>"; };
		F131848E29CC010300C7F4D3 /* StartView.swift */ = {isa = PBXFileReference; lastKnownFileType = sourcecode.swift; path = StartView.swift; sourceTree = "<group>"; };
		F131849029CC01EA00C7F4D3 /* StartViewController.swift */ = {isa = PBXFileReference; lastKnownFileType = sourcecode.swift; path = StartViewController.swift; sourceTree = "<group>"; };
		F15A4F742A2EBECF00793806 /* ko */ = {isa = PBXFileReference; lastKnownFileType = text.plist.strings; name = ko; path = ko.lproj/LaunchScreen.strings; sourceTree = "<group>"; };
		F15A4F792A2F11AF00793806 /* NotificationModel.swift */ = {isa = PBXFileReference; lastKnownFileType = sourcecode.swift; path = NotificationModel.swift; sourceTree = "<group>"; };
		F15A4F7B2A2F11E900793806 /* LocalNotificationManager.swift */ = {isa = PBXFileReference; lastKnownFileType = sourcecode.swift; path = LocalNotificationManager.swift; sourceTree = "<group>"; };
		F15A4F7E2A2F1BD400793806 /* Date+Extension.swift */ = {isa = PBXFileReference; lastKnownFileType = sourcecode.swift; path = "Date+Extension.swift"; sourceTree = "<group>"; };
		F1DECA5429CDB74A001C758F /* UserData+CoreDataClass.swift */ = {isa = PBXFileReference; lastKnownFileType = sourcecode.swift; path = "UserData+CoreDataClass.swift"; sourceTree = "<group>"; };
		F1DECA5529CDB74A001C758F /* UserData+CoreDataProperties.swift */ = {isa = PBXFileReference; lastKnownFileType = sourcecode.swift; path = "UserData+CoreDataProperties.swift"; sourceTree = "<group>"; };
		F1DECA5829CEF203001C758F /* CertainDayViewController.swift */ = {isa = PBXFileReference; lastKnownFileType = sourcecode.swift; path = CertainDayViewController.swift; sourceTree = "<group>"; };
		F1EA63A029E539F800A064D9 /* CalmedScheduleApp.entitlements */ = {isa = PBXFileReference; lastKnownFileType = text.plist.entitlements; path = CalmedScheduleApp.entitlements; sourceTree = "<group>"; };
/* End PBXFileReference section */

/* Begin PBXFrameworksBuildPhase section */
		F1198A9229B9DBB4009E23AD /* Frameworks */ = {
			isa = PBXFrameworksBuildPhase;
			buildActionMask = 2147483647;
			files = (
			);
			runOnlyForDeploymentPostprocessing = 0;
		};
/* End PBXFrameworksBuildPhase section */

/* Begin PBXGroup section */
		F106F72B29C98BE7007BCF0B /* Networking */ = {
			isa = PBXGroup;
			children = (
				F106F72C29C98BFB007BCF0B /* NetworkManager.swift */,
				F106F72429C4476E007BCF0B /* WeatherDataManager.swift */,
				F1198ADE29BC8072009E23AD /* CoreDataManager.swift */,
			);
			path = Networking;
			sourceTree = "<group>";
		};
		F1198A8C29B9DBB4009E23AD = {
			isa = PBXGroup;
			children = (
				F1198A9729B9DBB4009E23AD /* CalmedScheduleApp */,
				F1198A9629B9DBB4009E23AD /* Products */,
			);
			sourceTree = "<group>";
		};
		F1198A9629B9DBB4009E23AD /* Products */ = {
			isa = PBXGroup;
			children = (
				F1198A9529B9DBB4009E23AD /* Clamate.app */,
			);
			name = Products;
			sourceTree = "<group>";
		};
		F1198A9729B9DBB4009E23AD /* CalmedScheduleApp */ = {
			isa = PBXGroup;
			children = (
				F1EA63A029E539F800A064D9 /* CalmedScheduleApp.entitlements */,
				F1198A9829B9DBB4009E23AD /* AppDelegate.swift */,
				F1198A9A29B9DBB4009E23AD /* SceneDelegate.swift */,
				F1198AB429B9DCAD009E23AD /* Helpers */,
				F106F72B29C98BE7007BCF0B /* Networking */,
				F1198AB129B9DC75009E23AD /* Models */,
				F1198AB029B9DC6A009E23AD /* Views */,
				F1198AAF29B9DC61009E23AD /* Controls */,
				F15A4F7D2A2F1BB300793806 /* Utilties */,
				F1198AA429B9DBB4009E23AD /* Assets.xcassets */,
				F1198AA629B9DBB4009E23AD /* LaunchScreen.storyboard */,
				F1198AA929B9DBB4009E23AD /* Info.plist */,
				F1198AA129B9DBB4009E23AD /* CalmedScheduleApp.xcdatamodeld */,
			);
			path = CalmedScheduleApp;
			sourceTree = "<group>";
		};
		F1198AAF29B9DC61009E23AD /* Controls */ = {
			isa = PBXGroup;
			children = (
				F131849029CC01EA00C7F4D3 /* StartViewController.swift */,
				F1198A9C29B9DBB4009E23AD /* MainViewController.swift */,
				F1198AB929BADBB2009E23AD /* OneDayViewController.swift */,
				F1DECA5829CEF203001C758F /* CertainDayViewController.swift */,
				F1198AD829BC63AC009E23AD /* AddViewController.swift */,
				F1198AEA29C1C6E5009E23AD /* DetailViewController.swift */,
				F106F72829C47EFE007BCF0B /* MonthlyViewController.swift */,
			);
			path = Controls;
			sourceTree = "<group>";
		};
		F1198AB029B9DC6A009E23AD /* Views */ = {
			isa = PBXGroup;
			children = (
				F131848E29CC010300C7F4D3 /* StartView.swift */,
				F1198AB229B9DC96009E23AD /* MainView.swift */,
				F1198AD629BC37E9009E23AD /* AddView.swift */,
				F1198ADC29BC6622009E23AD /* DetailView.swift */,
				F106F72629C47EEA007BCF0B /* MonthlyView.swift */,
				F1198ABC29BB0217009E23AD /* TodayTableViewCell.swift */,
			);
			path = Views;
			sourceTree = "<group>";
		};
		F1198AB129B9DC75009E23AD /* Models */ = {
			isa = PBXGroup;
			children = (
				F1DECA5429CDB74A001C758F /* UserData+CoreDataClass.swift */,
				F1DECA5529CDB74A001C758F /* UserData+CoreDataProperties.swift */,
				F1198AE429C08B42009E23AD /* TodoData+CoreDataClass.swift */,
				F1198AE529C08B42009E23AD /* TodoData+CoreDataProperties.swift */,
				F131848A29C99E4D00C7F4D3 /* NetworkingModel.swift */,
				F15A4F792A2F11AF00793806 /* NotificationModel.swift */,
			);
			name = Models;
			sourceTree = "<group>";
		};
		F1198AB429B9DCAD009E23AD /* Helpers */ = {
			isa = PBXGroup;
			children = (
				F1198AB529B9DCBF009E23AD /* ColorHelper.swift */,
				F131848C29CB0DDF00C7F4D3 /* DateHelper.swift */,
				F15A4F7B2A2F11E900793806 /* LocalNotificationManager.swift */,
			);
			path = Helpers;
			sourceTree = "<group>";
		};
		F15A4F7D2A2F1BB300793806 /* Utilties */ = {
			isa = PBXGroup;
			children = (
				F15A4F7E2A2F1BD400793806 /* Date+Extension.swift */,
			);
			path = Utilties;
			sourceTree = "<group>";
		};
/* End PBXGroup section */

/* Begin PBXNativeTarget section */
		F1198A9429B9DBB4009E23AD /* CalmedScheduleApp */ = {
			isa = PBXNativeTarget;
			buildConfigurationList = F1198AAC29B9DBB4009E23AD /* Build configuration list for PBXNativeTarget "CalmedScheduleApp" */;
			buildPhases = (
				F1198A9129B9DBB4009E23AD /* Sources */,
				F1198A9229B9DBB4009E23AD /* Frameworks */,
				F1198A9329B9DBB4009E23AD /* Resources */,
			);
			buildRules = (
			);
			dependencies = (
			);
			name = CalmedScheduleApp;
			productName = CalmedScheduleApp;
			productReference = F1198A9529B9DBB4009E23AD /* Clamate.app */;
			productType = "com.apple.product-type.application";
		};
/* End PBXNativeTarget section */

/* Begin PBXProject section */
		F1198A8D29B9DBB4009E23AD /* Project object */ = {
			isa = PBXProject;
			attributes = {
				BuildIndependentTargetsInParallel = 1;
				LastSwiftUpdateCheck = 1420;
				LastUpgradeCheck = 1420;
				TargetAttributes = {
					F1198A9429B9DBB4009E23AD = {
						CreatedOnToolsVersion = 14.2;
					};
				};
			};
			buildConfigurationList = F1198A9029B9DBB4009E23AD /* Build configuration list for PBXProject "CalmedScheduleApp" */;
			compatibilityVersion = "Xcode 14.0";
			developmentRegion = ko;
			hasScannedForEncodings = 0;
			knownRegions = (
				Base,
				ko,
			);
			mainGroup = F1198A8C29B9DBB4009E23AD;
			productRefGroup = F1198A9629B9DBB4009E23AD /* Products */;
			projectDirPath = "";
			projectRoot = "";
			targets = (
				F1198A9429B9DBB4009E23AD /* CalmedScheduleApp */,
			);
		};
/* End PBXProject section */

/* Begin PBXResourcesBuildPhase section */
		F1198A9329B9DBB4009E23AD /* Resources */ = {
			isa = PBXResourcesBuildPhase;
			buildActionMask = 2147483647;
			files = (
				F1198AA829B9DBB4009E23AD /* LaunchScreen.storyboard in Resources */,
				F1198AA529B9DBB4009E23AD /* Assets.xcassets in Resources */,
			);
			runOnlyForDeploymentPostprocessing = 0;
		};
/* End PBXResourcesBuildPhase section */

/* Begin PBXSourcesBuildPhase section */
		F1198A9129B9DBB4009E23AD /* Sources */ = {
			isa = PBXSourcesBuildPhase;
			buildActionMask = 2147483647;
			files = (
				F1DECA5929CEF203001C758F /* CertainDayViewController.swift in Sources */,
				F1198ADD29BC6622009E23AD /* DetailView.swift in Sources */,
				F131848F29CC010300C7F4D3 /* StartView.swift in Sources */,
				F131849129CC01EA00C7F4D3 /* StartViewController.swift in Sources */,
				F1198AEB29C1C6E5009E23AD /* DetailViewController.swift in Sources */,
				F1198A9D29B9DBB4009E23AD /* MainViewController.swift in Sources */,
				F1198AE929C08B42009E23AD /* TodoData+CoreDataProperties.swift in Sources */,
				F1DECA5729CDB74A001C758F /* UserData+CoreDataProperties.swift in Sources */,
				F106F72729C47EEA007BCF0B /* MonthlyView.swift in Sources */,
				F1198AD729BC37E9009E23AD /* AddView.swift in Sources */,
				F1198A9929B9DBB4009E23AD /* AppDelegate.swift in Sources */,
				F1198ADF29BC8072009E23AD /* CoreDataManager.swift in Sources */,
				F1198AD929BC63AC009E23AD /* AddViewController.swift in Sources */,
				F106F72529C4476E007BCF0B /* WeatherDataManager.swift in Sources */,
				F15A4F7C2A2F11E900793806 /* LocalNotificationManager.swift in Sources */,
				F1DECA5629CDB74A001C758F /* UserData+CoreDataClass.swift in Sources */,
				F15A4F7F2A2F1BD400793806 /* Date+Extension.swift in Sources */,
				F1198AA329B9DBB4009E23AD /* CalmedScheduleApp.xcdatamodeld in Sources */,
				F1198ABA29BADBB2009E23AD /* OneDayViewController.swift in Sources */,
				F131848D29CB0DDF00C7F4D3 /* DateHelper.swift in Sources */,
				F15A4F7A2A2F11AF00793806 /* NotificationModel.swift in Sources */,
				F1198AB329B9DC96009E23AD /* MainView.swift in Sources */,
				F1198AE829C08B42009E23AD /* TodoData+CoreDataClass.swift in Sources */,
				F1198A9B29B9DBB4009E23AD /* SceneDelegate.swift in Sources */,
				F131848B29C99E4D00C7F4D3 /* NetworkingModel.swift in Sources */,
				F1198AB629B9DCBF009E23AD /* ColorHelper.swift in Sources */,
				F1198ABD29BB0217009E23AD /* TodayTableViewCell.swift in Sources */,
				F106F72D29C98BFB007BCF0B /* NetworkManager.swift in Sources */,
				F106F72929C47EFE007BCF0B /* MonthlyViewController.swift in Sources */,
			);
			runOnlyForDeploymentPostprocessing = 0;
		};
/* End PBXSourcesBuildPhase section */

/* Begin PBXVariantGroup section */
		F1198AA629B9DBB4009E23AD /* LaunchScreen.storyboard */ = {
			isa = PBXVariantGroup;
			children = (
				F1198AA729B9DBB4009E23AD /* Base */,
				F15A4F742A2EBECF00793806 /* ko */,
			);
			name = LaunchScreen.storyboard;
			sourceTree = "<group>";
		};
/* End PBXVariantGroup section */

/* Begin XCBuildConfiguration section */
		F1198AAA29B9DBB4009E23AD /* Debug */ = {
			isa = XCBuildConfiguration;
			buildSettings = {
				ALWAYS_SEARCH_USER_PATHS = NO;
				CLANG_ANALYZER_LOCALIZABILITY_NONLOCALIZED = YES;
				CLANG_ANALYZER_NONNULL = YES;
				CLANG_ANALYZER_NUMBER_OBJECT_CONVERSION = YES_AGGRESSIVE;
				CLANG_CXX_LANGUAGE_STANDARD = "gnu++20";
				CLANG_ENABLE_MODULES = YES;
				CLANG_ENABLE_OBJC_ARC = YES;
				CLANG_ENABLE_OBJC_WEAK = YES;
				CLANG_WARN_BLOCK_CAPTURE_AUTORELEASING = YES;
				CLANG_WARN_BOOL_CONVERSION = YES;
				CLANG_WARN_COMMA = YES;
				CLANG_WARN_CONSTANT_CONVERSION = YES;
				CLANG_WARN_DEPRECATED_OBJC_IMPLEMENTATIONS = YES;
				CLANG_WARN_DIRECT_OBJC_ISA_USAGE = YES_ERROR;
				CLANG_WARN_DOCUMENTATION_COMMENTS = YES;
				CLANG_WARN_EMPTY_BODY = YES;
				CLANG_WARN_ENUM_CONVERSION = YES;
				CLANG_WARN_INFINITE_RECURSION = YES;
				CLANG_WARN_INT_CONVERSION = YES;
				CLANG_WARN_NON_LITERAL_NULL_CONVERSION = YES;
				CLANG_WARN_OBJC_IMPLICIT_RETAIN_SELF = YES;
				CLANG_WARN_OBJC_LITERAL_CONVERSION = YES;
				CLANG_WARN_OBJC_ROOT_CLASS = YES_ERROR;
				CLANG_WARN_QUOTED_INCLUDE_IN_FRAMEWORK_HEADER = YES;
				CLANG_WARN_RANGE_LOOP_ANALYSIS = YES;
				CLANG_WARN_STRICT_PROTOTYPES = YES;
				CLANG_WARN_SUSPICIOUS_MOVE = YES;
				CLANG_WARN_UNGUARDED_AVAILABILITY = YES_AGGRESSIVE;
				CLANG_WARN_UNREACHABLE_CODE = YES;
				CLANG_WARN__DUPLICATE_METHOD_MATCH = YES;
				COPY_PHASE_STRIP = NO;
				DEBUG_INFORMATION_FORMAT = dwarf;
				ENABLE_STRICT_OBJC_MSGSEND = YES;
				ENABLE_TESTABILITY = YES;
				GCC_C_LANGUAGE_STANDARD = gnu11;
				GCC_DYNAMIC_NO_PIC = NO;
				GCC_NO_COMMON_BLOCKS = YES;
				GCC_OPTIMIZATION_LEVEL = 0;
				GCC_PREPROCESSOR_DEFINITIONS = (
					"DEBUG=1",
					"$(inherited)",
				);
				GCC_WARN_64_TO_32_BIT_CONVERSION = YES;
				GCC_WARN_ABOUT_RETURN_TYPE = YES_ERROR;
				GCC_WARN_UNDECLARED_SELECTOR = YES;
				GCC_WARN_UNINITIALIZED_AUTOS = YES_AGGRESSIVE;
				GCC_WARN_UNUSED_FUNCTION = YES;
				GCC_WARN_UNUSED_VARIABLE = YES;
				INFOPLIST_FILE = Clamate_debug;
				IPHONEOS_DEPLOYMENT_TARGET = 16.2;
				MTL_ENABLE_DEBUG_INFO = INCLUDE_SOURCE;
				MTL_FAST_MATH = YES;
				ONLY_ACTIVE_ARCH = YES;
				PRODUCT_NAME = "Clamate-debug";
				SDKROOT = iphoneos;
				SWIFT_ACTIVE_COMPILATION_CONDITIONS = DEBUG;
				SWIFT_OPTIMIZATION_LEVEL = "-Onone";
			};
			name = Debug;
		};
		F1198AAB29B9DBB4009E23AD /* Release */ = {
			isa = XCBuildConfiguration;
			buildSettings = {
				ALWAYS_SEARCH_USER_PATHS = NO;
				CLANG_ANALYZER_LOCALIZABILITY_NONLOCALIZED = YES;
				CLANG_ANALYZER_NONNULL = YES;
				CLANG_ANALYZER_NUMBER_OBJECT_CONVERSION = YES_AGGRESSIVE;
				CLANG_CXX_LANGUAGE_STANDARD = "gnu++20";
				CLANG_ENABLE_MODULES = YES;
				CLANG_ENABLE_OBJC_ARC = YES;
				CLANG_ENABLE_OBJC_WEAK = YES;
				CLANG_WARN_BLOCK_CAPTURE_AUTORELEASING = YES;
				CLANG_WARN_BOOL_CONVERSION = YES;
				CLANG_WARN_COMMA = YES;
				CLANG_WARN_CONSTANT_CONVERSION = YES;
				CLANG_WARN_DEPRECATED_OBJC_IMPLEMENTATIONS = YES;
				CLANG_WARN_DIRECT_OBJC_ISA_USAGE = YES_ERROR;
				CLANG_WARN_DOCUMENTATION_COMMENTS = YES;
				CLANG_WARN_EMPTY_BODY = YES;
				CLANG_WARN_ENUM_CONVERSION = YES;
				CLANG_WARN_INFINITE_RECURSION = YES;
				CLANG_WARN_INT_CONVERSION = YES;
				CLANG_WARN_NON_LITERAL_NULL_CONVERSION = YES;
				CLANG_WARN_OBJC_IMPLICIT_RETAIN_SELF = YES;
				CLANG_WARN_OBJC_LITERAL_CONVERSION = YES;
				CLANG_WARN_OBJC_ROOT_CLASS = YES_ERROR;
				CLANG_WARN_QUOTED_INCLUDE_IN_FRAMEWORK_HEADER = YES;
				CLANG_WARN_RANGE_LOOP_ANALYSIS = YES;
				CLANG_WARN_STRICT_PROTOTYPES = YES;
				CLANG_WARN_SUSPICIOUS_MOVE = YES;
				CLANG_WARN_UNGUARDED_AVAILABILITY = YES_AGGRESSIVE;
				CLANG_WARN_UNREACHABLE_CODE = YES;
				CLANG_WARN__DUPLICATE_METHOD_MATCH = YES;
				COPY_PHASE_STRIP = NO;
				DEBUG_INFORMATION_FORMAT = "dwarf-with-dsym";
				ENABLE_NS_ASSERTIONS = NO;
				ENABLE_STRICT_OBJC_MSGSEND = YES;
				GCC_C_LANGUAGE_STANDARD = gnu11;
				GCC_NO_COMMON_BLOCKS = YES;
				GCC_WARN_64_TO_32_BIT_CONVERSION = YES;
				GCC_WARN_ABOUT_RETURN_TYPE = YES_ERROR;
				GCC_WARN_UNDECLARED_SELECTOR = YES;
				GCC_WARN_UNINITIALIZED_AUTOS = YES_AGGRESSIVE;
				GCC_WARN_UNUSED_FUNCTION = YES;
				GCC_WARN_UNUSED_VARIABLE = YES;
				INFOPLIST_FILE = Clamate;
				IPHONEOS_DEPLOYMENT_TARGET = 16.2;
				MTL_ENABLE_DEBUG_INFO = NO;
				MTL_FAST_MATH = YES;
				ONLY_ACTIVE_ARCH = YES;
				PRODUCT_NAME = Clamate;
				SDKROOT = iphoneos;
				SWIFT_COMPILATION_MODE = wholemodule;
				SWIFT_OPTIMIZATION_LEVEL = "-O";
				VALIDATE_PRODUCT = YES;
			};
			name = Release;
		};
		F1198AAD29B9DBB4009E23AD /* Debug */ = {
			isa = XCBuildConfiguration;
			buildSettings = {
				APP_NAME = "Clamate-debug";
				ASSETCATALOG_COMPILER_APPICON_NAME = AppIcon;
				ASSETCATALOG_COMPILER_GLOBAL_ACCENT_COLOR_NAME = AccentColor;
				ASSETCATALOG_COMPILER_INCLUDE_ALL_APPICON_ASSETS = YES;
				CODE_SIGN_ENTITLEMENTS = CalmedScheduleApp/CalmedScheduleApp.entitlements;
				CODE_SIGN_STYLE = Automatic;
				CURRENT_PROJECT_VERSION = 1;
				DEVELOPMENT_TEAM = JY9QH7G8BB;
				GENERATE_INFOPLIST_FILE = YES;
				INFOPLIST_FILE = CalmedScheduleApp/Info.plist;
				INFOPLIST_KEY_UIApplicationSupportsIndirectInputEvents = YES;
				INFOPLIST_KEY_UILaunchStoryboardName = LaunchScreen;
				INFOPLIST_KEY_UISupportedInterfaceOrientations_iPad = "UIInterfaceOrientationLandscapeLeft UIInterfaceOrientationLandscapeRight UIInterfaceOrientationPortrait UIInterfaceOrientationPortraitUpsideDown";
				IPHONEOS_DEPLOYMENT_TARGET = 16.0;
				LD_RUNPATH_SEARCH_PATHS = (
					"$(inherited)",
					"@executable_path/Frameworks",
				);
				MARKETING_VERSION = 1.2.0;
				PRODUCT_BUNDLE_IDENTIFIER = com.samSung.CalmedScheduleApp;
				PRODUCT_NAME = Clamate;
				SUPPORTED_PLATFORMS = "iphoneos iphonesimulator";
				SUPPORTS_MACCATALYST = NO;
				SUPPORTS_MAC_DESIGNED_FOR_IPHONE_IPAD = NO;
				SWIFT_EMIT_LOC_STRINGS = YES;
				SWIFT_VERSION = 5.0;
				TARGETED_DEVICE_FAMILY = 1;
			};
			name = Debug;
		};
		F1198AAE29B9DBB4009E23AD /* Release */ = {
			isa = XCBuildConfiguration;
			buildSettings = {
				APP_NAME = Clamate;
				ASSETCATALOG_COMPILER_APPICON_NAME = AppIcon;
				ASSETCATALOG_COMPILER_GLOBAL_ACCENT_COLOR_NAME = AccentColor;
				ASSETCATALOG_COMPILER_INCLUDE_ALL_APPICON_ASSETS = YES;
				CODE_SIGN_ENTITLEMENTS = CalmedScheduleApp/CalmedScheduleApp.entitlements;
				CODE_SIGN_STYLE = Automatic;
				CURRENT_PROJECT_VERSION = 1;
				DEVELOPMENT_TEAM = JY9QH7G8BB;
				GENERATE_INFOPLIST_FILE = YES;
				INFOPLIST_FILE = CalmedScheduleApp/Info.plist;
				INFOPLIST_KEY_UIApplicationSupportsIndirectInputEvents = YES;
				INFOPLIST_KEY_UILaunchStoryboardName = LaunchScreen;
				INFOPLIST_KEY_UISupportedInterfaceOrientations_iPad = "UIInterfaceOrientationLandscapeLeft UIInterfaceOrientationLandscapeRight UIInterfaceOrientationPortrait UIInterfaceOrientationPortraitUpsideDown";
				IPHONEOS_DEPLOYMENT_TARGET = 16.0;
				LD_RUNPATH_SEARCH_PATHS = (
					"$(inherited)",
					"@executable_path/Frameworks",
				);
				MARKETING_VERSION = 1.2.0;
				PRODUCT_BUNDLE_IDENTIFIER = com.samSung.CalmedScheduleApp;
				PRODUCT_NAME = Clamate;
				SUPPORTED_PLATFORMS = "iphoneos iphonesimulator";
				SUPPORTS_MACCATALYST = NO;
				SUPPORTS_MAC_DESIGNED_FOR_IPHONE_IPAD = NO;
				SWIFT_EMIT_LOC_STRINGS = YES;
				SWIFT_VERSION = 5.0;
				TARGETED_DEVICE_FAMILY = 1;
			};
			name = Release;
		};
/* End XCBuildConfiguration section */

/* Begin XCConfigurationList section */
		F1198A9029B9DBB4009E23AD /* Build configuration list for PBXProject "CalmedScheduleApp" */ = {
			isa = XCConfigurationList;
			buildConfigurations = (
				F1198AAA29B9DBB4009E23AD /* Debug */,
				F1198AAB29B9DBB4009E23AD /* Release */,
			);
			defaultConfigurationIsVisible = 0;
			defaultConfigurationName = Release;
		};
		F1198AAC29B9DBB4009E23AD /* Build configuration list for PBXNativeTarget "CalmedScheduleApp" */ = {
			isa = XCConfigurationList;
			buildConfigurations = (
				F1198AAD29B9DBB4009E23AD /* Debug */,
				F1198AAE29B9DBB4009E23AD /* Release */,
			);
			defaultConfigurationIsVisible = 0;
			defaultConfigurationName = Release;
		};
/* End XCConfigurationList section */

/* Begin XCVersionGroup section */
		F1198AA129B9DBB4009E23AD /* CalmedScheduleApp.xcdatamodeld */ = {
			isa = XCVersionGroup;
			children = (
				F1198AA229B9DBB4009E23AD /* CalmedScheduleApp.xcdatamodel */,
			);
			currentVersion = F1198AA229B9DBB4009E23AD /* CalmedScheduleApp.xcdatamodel */;
			path = CalmedScheduleApp.xcdatamodeld;
			sourceTree = "<group>";
			versionGroupType = wrapper.xcdatamodel;
		};
/* End XCVersionGroup section */
	};
	rootObject = F1198A8D29B9DBB4009E23AD /* Project object */;
}
